{
  "lockfileVersion": 1,
  "configVersion": 1,
  "workspaces": {
    "": {
      "name": "@baizor/pipeline",
      "dependencies": {
        "@baizor/pipeline-protocol": "0.7.0",
      },
      "peerDependencies": {
        "@anthropic-ai/claude-agent-sdk": ">=0.3.228",
      },
      "optionalPeers": [
        "@anthropic-ai/claude-agent-sdk",
      ],
    },
  },
  "packages": {
    "@baizor/pipeline-protocol": ["@baizor/pipeline-protocol@0.7.0", "", { "dependencies": { "zod": "^3.25.76" } }, "sha512-rrJiJh9BcLlI/MO6vS0/EhYjHzdRNQZLZEATaBFE0zgygvq44b8Zvo8dUy68cFF/oOaxS8PNuFFKQvabNq8HTw=="],

    "zod": ["zod@3.25.76", "", {}, "sha512-gzUt/qt81nXsFGKIFcC3YnfEAx5NkunCfnDlvuBSSFS02bcXu4Lmea0AFIUwbLWxWPx3d9p8S5QoaujKcNQxcQ=="],
  }
}
